
Microsoft Visual Studio Solution File, Format Version 12.00
# Visual Studio Version 17
VisualStudioVersion = 17.0.32014.148
MinimumVisualStudioVersion = 10.0.40219.1
Project("{9A19103F-16F7-4668-BE54-9A1E7A4F7556}") = "LimsServer", "lims_server\LimsServer.csproj", "{92BE359D-1BEE-44C9-87D4-1FB686C54801}"
EndProject
Project("{9A19103F-16F7-4668-BE54-9A1E7A4F7556}") = "PluginBase", "PluginBase\PluginBase.csproj", "{83289121-36F0-45DD-89CF-0C023DD7FC3F}"
EndProject
Project("{2150E333-8FDC-42A3-9474-1A3956D46DE8}") = "Processors", "Processors", "{B0410B75-36D7-480E-81D3-5F4AFC266C0E}"
EndProject
Project("{9A19103F-16F7-4668-BE54-9A1E7A4F7556}") = "Qubit2_0", "Processors\Qubit2_0\Qubit2_0.csproj", "{1BF4C55D-AAF1-4A83-8691-F0704B182F35}"
EndProject
Project("{9A19103F-16F7-4668-BE54-9A1E7A4F7556}") = "MassLynx", "Processors\MassLynx\MassLynx.csproj", "{FB28C7C6-30D5-4527-909E-460CF281F421}"
EndProject
Project("{9A19103F-16F7-4668-BE54-9A1E7A4F7556}") = "PicoGreen", "Processors\PicoGreen\PicoGreen.csproj", "{002DE1DB-A9C6-4662-A1B1-C3DD8F782308}"
EndProject
Project("{9A19103F-16F7-4668-BE54-9A1E7A4F7556}") = "Tracefinder", "Processors\Tracefinder\Tracefinder.csproj", "{8F770EE6-6CFA-4DC7-A67A-A2C1D1D2313E}"
EndProject
Project("{9A19103F-16F7-4668-BE54-9A1E7A4F7556}") = "Entities", "Entities\Entities.csproj", "{B172FB88-AB49-437C-B6BE-A31F2D762C7B}"
EndProject
Project("{9A19103F-16F7-4668-BE54-9A1E7A4F7556}") = "MiSeq_16s", "Processors\MiSeq_16s\MiSeq_16s.csproj", "{3530BAEF-A2FB-4918-8849-A1786BF510D1}"
EndProject
Project("{9A19103F-16F7-4668-BE54-9A1E7A4F7556}") = "MiSeq_18s", "Processors\MiSeq_18s\MiSeq_18s.csproj", "{02AA500E-6F73-4786-8D97-8FB8EF81E4C2}"
EndProject
Project("{9A19103F-16F7-4668-BE54-9A1E7A4F7556}") = "LimsServerTests", "LimsServerTests\LimsServerTests.csproj", "{B5A48670-3771-442D-9993-E7D8531D307B}"
EndProject
Project("{9A19103F-16F7-4668-BE54-9A1E7A4F7556}") = "Ammonia_DA", "Processors\Ammonia_DA\Ammonia_DA.csproj", "{7539572B-150C-464B-AD4F-101C7161CDC4}"
EndProject
Project("{9A19103F-16F7-4668-BE54-9A1E7A4F7556}") = "Xcaliber", "Processors\Xcaliber\Xcaliber.csproj", "{E5A974DD-8CBF-420F-9791-1A4DD5A8A8EF}"
EndProject
Project("{9A19103F-16F7-4668-BE54-9A1E7A4F7556}") = "WinLab_ICP", "Processors\WinLab_ICP\WinLab_ICP.csproj", "{DFE72F01-72BD-4E40-B063-5FD13E5DBFCA}"
EndProject
Project("{9A19103F-16F7-4668-BE54-9A1E7A4F7556}") = "Chlorophyll", "Processors\Chlorophyll\Chlorophyll.csproj", "{D821FCBA-9AD3-42DC-9F91-5B0C56529A8A}"
EndProject
Project("{9A19103F-16F7-4668-BE54-9A1E7A4F7556}") = "HT_PCR", "Processors\HT_PCR\HT_PCR.csproj", "{F8819D4D-33FF-4832-A2D7-6957C8B547CD}"
EndProject
Project("{9A19103F-16F7-4668-BE54-9A1E7A4F7556}") = "Shimadzu_TOC_VCPH", "Processors\Shimadzu_TOC_VCPH\Shimadzu_TOC_VCPH.csproj", "{E0DC01FA-0068-4654-9DC5-C443E34807F7}"
EndProject
Project("{9A19103F-16F7-4668-BE54-9A1E7A4F7556}") = "Astoria_Pacific_Astoria2", "Processors\Astoria_Pacific_Astoria2\Astoria_Pacific_Astoria2.csproj", "{88768859-50DB-4648-8604-08B9B222E713}"
EndProject
Project("{9A19103F-16F7-4668-BE54-9A1E7A4F7556}") = "LIMSDesktop", "LIMSDesktop\LIMSDesktop.csproj", "{127880E0-5903-4566-9469-E144B612C0CF}"
EndProject
Project("{9A19103F-16F7-4668-BE54-9A1E7A4F7556}") = "ACESD_Chlorophyll", "Processors\ACESD_Chlorophyll\ACESD_Chlorophyll.csproj", "{1BF6AD47-FD06-4B33-9454-8D31359ED06B}"
EndProject
Project("{9A19103F-16F7-4668-BE54-9A1E7A4F7556}") = "CHL_IC", "Processors\CHL_IC\CHL_IC.csproj", "{009445F8-0C11-42C3-897B-4908F9CFED42}"
EndProject
Project("{9A19103F-16F7-4668-BE54-9A1E7A4F7556}") = "CPHEA_ICP", "Processors\CPHEA_ICP\CPHEA_ICP.csproj", "{7E1CF4F7-715B-4970-8CBB-72A66FCF1907}"
EndProject
Project("{9A19103F-16F7-4668-BE54-9A1E7A4F7556}") = "NRSA_ddPCR", "Processors\NRSA_ddPCR\NRSA_ddPCR.csproj", "{DDD76573-F619-41A5-8831-C256251E01D0}"
EndProject
Project("{9A19103F-16F7-4668-BE54-9A1E7A4F7556}") = "SOP_4426_AMCD_SFSB", "Processors\SOP_4426_AMCD_SFSB\SOP_4426_AMCD_SFSB.csproj", "{8A503B52-63A2-4470-8135-A72D8EAC803C}"
EndProject
Project("{FAE04EC0-301F-11D3-BF4B-00C04F79EFBC}") = "Agilent_7900_ICPMS", "Processors\Agilent_7900_ICPMS\Agilent_7900_ICPMS.csproj", "{D1F53F4E-39B2-4F31-B8E3-55F07EE9B90D}"
EndProject
Global
	GlobalSection(SolutionConfigurationPlatforms) = preSolution
		Debug|Any CPU = Debug|Any CPU
		Release|Any CPU = Release|Any CPU
	EndGlobalSection
	GlobalSection(ProjectConfigurationPlatforms) = postSolution
		{92BE359D-1BEE-44C9-87D4-1FB686C54801}.Debug|Any CPU.ActiveCfg = Debug|Any CPU
		{92BE359D-1BEE-44C9-87D4-1FB686C54801}.Debug|Any CPU.Build.0 = Debug|Any CPU
		{92BE359D-1BEE-44C9-87D4-1FB686C54801}.Release|Any CPU.ActiveCfg = Release|Any CPU
		{92BE359D-1BEE-44C9-87D4-1FB686C54801}.Release|Any CPU.Build.0 = Release|Any CPU
		{83289121-36F0-45DD-89CF-0C023DD7FC3F}.Debug|Any CPU.ActiveCfg = Debug|Any CPU
		{83289121-36F0-45DD-89CF-0C023DD7FC3F}.Debug|Any CPU.Build.0 = Debug|Any CPU
		{83289121-36F0-45DD-89CF-0C023DD7FC3F}.Release|Any CPU.ActiveCfg = Release|Any CPU
		{83289121-36F0-45DD-89CF-0C023DD7FC3F}.Release|Any CPU.Build.0 = Release|Any CPU
		{1BF4C55D-AAF1-4A83-8691-F0704B182F35}.Debug|Any CPU.ActiveCfg = Debug|Any CPU
		{1BF4C55D-AAF1-4A83-8691-F0704B182F35}.Debug|Any CPU.Build.0 = Debug|Any CPU
		{1BF4C55D-AAF1-4A83-8691-F0704B182F35}.Release|Any CPU.ActiveCfg = Release|Any CPU
		{1BF4C55D-AAF1-4A83-8691-F0704B182F35}.Release|Any CPU.Build.0 = Release|Any CPU
		{FB28C7C6-30D5-4527-909E-460CF281F421}.Debug|Any CPU.ActiveCfg = Debug|Any CPU
		{FB28C7C6-30D5-4527-909E-460CF281F421}.Debug|Any CPU.Build.0 = Debug|Any CPU
		{FB28C7C6-30D5-4527-909E-460CF281F421}.Release|Any CPU.ActiveCfg = Release|Any CPU
		{FB28C7C6-30D5-4527-909E-460CF281F421}.Release|Any CPU.Build.0 = Release|Any CPU
		{002DE1DB-A9C6-4662-A1B1-C3DD8F782308}.Debug|Any CPU.ActiveCfg = Debug|Any CPU
		{002DE1DB-A9C6-4662-A1B1-C3DD8F782308}.Debug|Any CPU.Build.0 = Debug|Any CPU
		{002DE1DB-A9C6-4662-A1B1-C3DD8F782308}.Release|Any CPU.ActiveCfg = Release|Any CPU
		{002DE1DB-A9C6-4662-A1B1-C3DD8F782308}.Release|Any CPU.Build.0 = Release|Any CPU
		{8F770EE6-6CFA-4DC7-A67A-A2C1D1D2313E}.Debug|Any CPU.ActiveCfg = Debug|Any CPU
		{8F770EE6-6CFA-4DC7-A67A-A2C1D1D2313E}.Debug|Any CPU.Build.0 = Debug|Any CPU
		{8F770EE6-6CFA-4DC7-A67A-A2C1D1D2313E}.Release|Any CPU.ActiveCfg = Release|Any CPU
		{8F770EE6-6CFA-4DC7-A67A-A2C1D1D2313E}.Release|Any CPU.Build.0 = Release|Any CPU
		{B172FB88-AB49-437C-B6BE-A31F2D762C7B}.Debug|Any CPU.ActiveCfg = Debug|Any CPU
		{B172FB88-AB49-437C-B6BE-A31F2D762C7B}.Debug|Any CPU.Build.0 = Debug|Any CPU
		{B172FB88-AB49-437C-B6BE-A31F2D762C7B}.Release|Any CPU.ActiveCfg = Release|Any CPU
		{B172FB88-AB49-437C-B6BE-A31F2D762C7B}.Release|Any CPU.Build.0 = Release|Any CPU
		{3530BAEF-A2FB-4918-8849-A1786BF510D1}.Debug|Any CPU.ActiveCfg = Debug|Any CPU
		{3530BAEF-A2FB-4918-8849-A1786BF510D1}.Debug|Any CPU.Build.0 = Debug|Any CPU
		{3530BAEF-A2FB-4918-8849-A1786BF510D1}.Release|Any CPU.ActiveCfg = Release|Any CPU
		{3530BAEF-A2FB-4918-8849-A1786BF510D1}.Release|Any CPU.Build.0 = Release|Any CPU
		{02AA500E-6F73-4786-8D97-8FB8EF81E4C2}.Debug|Any CPU.ActiveCfg = Debug|Any CPU
		{02AA500E-6F73-4786-8D97-8FB8EF81E4C2}.Debug|Any CPU.Build.0 = Debug|Any CPU
		{02AA500E-6F73-4786-8D97-8FB8EF81E4C2}.Release|Any CPU.ActiveCfg = Release|Any CPU
		{02AA500E-6F73-4786-8D97-8FB8EF81E4C2}.Release|Any CPU.Build.0 = Release|Any CPU
		{B5A48670-3771-442D-9993-E7D8531D307B}.Debug|Any CPU.ActiveCfg = Debug|Any CPU
		{B5A48670-3771-442D-9993-E7D8531D307B}.Debug|Any CPU.Build.0 = Debug|Any CPU
		{B5A48670-3771-442D-9993-E7D8531D307B}.Release|Any CPU.ActiveCfg = Release|Any CPU
		{B5A48670-3771-442D-9993-E7D8531D307B}.Release|Any CPU.Build.0 = Release|Any CPU
		{7539572B-150C-464B-AD4F-101C7161CDC4}.Debug|Any CPU.ActiveCfg = Debug|Any CPU
		{7539572B-150C-464B-AD4F-101C7161CDC4}.Debug|Any CPU.Build.0 = Debug|Any CPU
		{7539572B-150C-464B-AD4F-101C7161CDC4}.Release|Any CPU.ActiveCfg = Release|Any CPU
		{7539572B-150C-464B-AD4F-101C7161CDC4}.Release|Any CPU.Build.0 = Release|Any CPU
		{E5A974DD-8CBF-420F-9791-1A4DD5A8A8EF}.Debug|Any CPU.ActiveCfg = Debug|Any CPU
		{E5A974DD-8CBF-420F-9791-1A4DD5A8A8EF}.Debug|Any CPU.Build.0 = Debug|Any CPU
		{E5A974DD-8CBF-420F-9791-1A4DD5A8A8EF}.Release|Any CPU.ActiveCfg = Release|Any CPU
		{E5A974DD-8CBF-420F-9791-1A4DD5A8A8EF}.Release|Any CPU.Build.0 = Release|Any CPU
		{DFE72F01-72BD-4E40-B063-5FD13E5DBFCA}.Debug|Any CPU.ActiveCfg = Debug|Any CPU
		{DFE72F01-72BD-4E40-B063-5FD13E5DBFCA}.Debug|Any CPU.Build.0 = Debug|Any CPU
		{DFE72F01-72BD-4E40-B063-5FD13E5DBFCA}.Release|Any CPU.ActiveCfg = Release|Any CPU
		{DFE72F01-72BD-4E40-B063-5FD13E5DBFCA}.Release|Any CPU.Build.0 = Release|Any CPU
		{D821FCBA-9AD3-42DC-9F91-5B0C56529A8A}.Debug|Any CPU.ActiveCfg = Debug|Any CPU
		{D821FCBA-9AD3-42DC-9F91-5B0C56529A8A}.Debug|Any CPU.Build.0 = Debug|Any CPU
		{D821FCBA-9AD3-42DC-9F91-5B0C56529A8A}.Release|Any CPU.ActiveCfg = Release|Any CPU
		{D821FCBA-9AD3-42DC-9F91-5B0C56529A8A}.Release|Any CPU.Build.0 = Release|Any CPU
		{F8819D4D-33FF-4832-A2D7-6957C8B547CD}.Debug|Any CPU.ActiveCfg = Debug|Any CPU
		{F8819D4D-33FF-4832-A2D7-6957C8B547CD}.Debug|Any CPU.Build.0 = Debug|Any CPU
		{F8819D4D-33FF-4832-A2D7-6957C8B547CD}.Release|Any CPU.ActiveCfg = Release|Any CPU
		{F8819D4D-33FF-4832-A2D7-6957C8B547CD}.Release|Any CPU.Build.0 = Release|Any CPU
		{E0DC01FA-0068-4654-9DC5-C443E34807F7}.Debug|Any CPU.ActiveCfg = Debug|Any CPU
		{E0DC01FA-0068-4654-9DC5-C443E34807F7}.Debug|Any CPU.Build.0 = Debug|Any CPU
		{E0DC01FA-0068-4654-9DC5-C443E34807F7}.Release|Any CPU.ActiveCfg = Release|Any CPU
		{E0DC01FA-0068-4654-9DC5-C443E34807F7}.Release|Any CPU.Build.0 = Release|Any CPU
		{88768859-50DB-4648-8604-08B9B222E713}.Debug|Any CPU.ActiveCfg = Debug|Any CPU
		{88768859-50DB-4648-8604-08B9B222E713}.Debug|Any CPU.Build.0 = Debug|Any CPU
		{88768859-50DB-4648-8604-08B9B222E713}.Release|Any CPU.ActiveCfg = Release|Any CPU
		{88768859-50DB-4648-8604-08B9B222E713}.Release|Any CPU.Build.0 = Release|Any CPU
		{127880E0-5903-4566-9469-E144B612C0CF}.Debug|Any CPU.ActiveCfg = Debug|Any CPU
		{127880E0-5903-4566-9469-E144B612C0CF}.Debug|Any CPU.Build.0 = Debug|Any CPU
		{127880E0-5903-4566-9469-E144B612C0CF}.Release|Any CPU.ActiveCfg = Release|Any CPU
		{127880E0-5903-4566-9469-E144B612C0CF}.Release|Any CPU.Build.0 = Release|Any CPU
		{1BF6AD47-FD06-4B33-9454-8D31359ED06B}.Debug|Any CPU.ActiveCfg = Debug|Any CPU
		{1BF6AD47-FD06-4B33-9454-8D31359ED06B}.Debug|Any CPU.Build.0 = Debug|Any CPU
		{1BF6AD47-FD06-4B33-9454-8D31359ED06B}.Release|Any CPU.ActiveCfg = Release|Any CPU
		{1BF6AD47-FD06-4B33-9454-8D31359ED06B}.Release|Any CPU.Build.0 = Release|Any CPU
		{009445F8-0C11-42C3-897B-4908F9CFED42}.Debug|Any CPU.ActiveCfg = Debug|Any CPU
		{009445F8-0C11-42C3-897B-4908F9CFED42}.Debug|Any CPU.Build.0 = Debug|Any CPU
		{009445F8-0C11-42C3-897B-4908F9CFED42}.Release|Any CPU.ActiveCfg = Release|Any CPU
		{009445F8-0C11-42C3-897B-4908F9CFED42}.Release|Any CPU.Build.0 = Release|Any CPU
		{7E1CF4F7-715B-4970-8CBB-72A66FCF1907}.Debug|Any CPU.ActiveCfg = Debug|Any CPU
		{7E1CF4F7-715B-4970-8CBB-72A66FCF1907}.Debug|Any CPU.Build.0 = Debug|Any CPU
		{7E1CF4F7-715B-4970-8CBB-72A66FCF1907}.Release|Any CPU.ActiveCfg = Release|Any CPU
		{7E1CF4F7-715B-4970-8CBB-72A66FCF1907}.Release|Any CPU.Build.0 = Release|Any CPU
		{DDD76573-F619-41A5-8831-C256251E01D0}.Debug|Any CPU.ActiveCfg = Debug|Any CPU
		{DDD76573-F619-41A5-8831-C256251E01D0}.Debug|Any CPU.Build.0 = Debug|Any CPU
		{DDD76573-F619-41A5-8831-C256251E01D0}.Release|Any CPU.ActiveCfg = Release|Any CPU
		{DDD76573-F619-41A5-8831-C256251E01D0}.Release|Any CPU.Build.0 = Release|Any CPU
		{8A503B52-63A2-4470-8135-A72D8EAC803C}.Debug|Any CPU.ActiveCfg = Debug|Any CPU
		{8A503B52-63A2-4470-8135-A72D8EAC803C}.Debug|Any CPU.Build.0 = Debug|Any CPU
		{8A503B52-63A2-4470-8135-A72D8EAC803C}.Release|Any CPU.ActiveCfg = Release|Any CPU
		{8A503B52-63A2-4470-8135-A72D8EAC803C}.Release|Any CPU.Build.0 = Release|Any CPU
		{D1F53F4E-39B2-4F31-B8E3-55F07EE9B90D}.Debug|Any CPU.ActiveCfg = Debug|Any CPU
		{D1F53F4E-39B2-4F31-B8E3-55F07EE9B90D}.Debug|Any CPU.Build.0 = Debug|Any CPU
		{D1F53F4E-39B2-4F31-B8E3-55F07EE9B90D}.Release|Any CPU.ActiveCfg = Release|Any CPU
		{D1F53F4E-39B2-4F31-B8E3-55F07EE9B90D}.Release|Any CPU.Build.0 = Release|Any CPU
	EndGlobalSection
	GlobalSection(SolutionProperties) = preSolution
		HideSolutionNode = FALSE
	EndGlobalSection
	GlobalSection(NestedProjects) = preSolution
		{1BF4C55D-AAF1-4A83-8691-F0704B182F35} = {B0410B75-36D7-480E-81D3-5F4AFC266C0E}
		{FB28C7C6-30D5-4527-909E-460CF281F421} = {B0410B75-36D7-480E-81D3-5F4AFC266C0E}
		{002DE1DB-A9C6-4662-A1B1-C3DD8F782308} = {B0410B75-36D7-480E-81D3-5F4AFC266C0E}
		{8F770EE6-6CFA-4DC7-A67A-A2C1D1D2313E} = {B0410B75-36D7-480E-81D3-5F4AFC266C0E}
		{3530BAEF-A2FB-4918-8849-A1786BF510D1} = {B0410B75-36D7-480E-81D3-5F4AFC266C0E}
		{02AA500E-6F73-4786-8D97-8FB8EF81E4C2} = {B0410B75-36D7-480E-81D3-5F4AFC266C0E}
		{7539572B-150C-464B-AD4F-101C7161CDC4} = {B0410B75-36D7-480E-81D3-5F4AFC266C0E}
		{E5A974DD-8CBF-420F-9791-1A4DD5A8A8EF} = {B0410B75-36D7-480E-81D3-5F4AFC266C0E}
		{DFE72F01-72BD-4E40-B063-5FD13E5DBFCA} = {B0410B75-36D7-480E-81D3-5F4AFC266C0E}
		{D821FCBA-9AD3-42DC-9F91-5B0C56529A8A} = {B0410B75-36D7-480E-81D3-5F4AFC266C0E}
		{F8819D4D-33FF-4832-A2D7-6957C8B547CD} = {B0410B75-36D7-480E-81D3-5F4AFC266C0E}
		{E0DC01FA-0068-4654-9DC5-C443E34807F7} = {B0410B75-36D7-480E-81D3-5F4AFC266C0E}
		{88768859-50DB-4648-8604-08B9B222E713} = {B0410B75-36D7-480E-81D3-5F4AFC266C0E}
		{1BF6AD47-FD06-4B33-9454-8D31359ED06B} = {B0410B75-36D7-480E-81D3-5F4AFC266C0E}
		{009445F8-0C11-42C3-897B-4908F9CFED42} = {B0410B75-36D7-480E-81D3-5F4AFC266C0E}
		{7E1CF4F7-715B-4970-8CBB-72A66FCF1907} = {B0410B75-36D7-480E-81D3-5F4AFC266C0E}
		{DDD76573-F619-41A5-8831-C256251E01D0} = {B0410B75-36D7-480E-81D3-5F4AFC266C0E}
		{8A503B52-63A2-4470-8135-A72D8EAC803C} = {B0410B75-36D7-480E-81D3-5F4AFC266C0E}
		{D1F53F4E-39B2-4F31-B8E3-55F07EE9B90D} = {B0410B75-36D7-480E-81D3-5F4AFC266C0E}
	EndGlobalSection
	GlobalSection(ExtensibilityGlobals) = postSolution
		SolutionGuid = {C30C58D6-0637-4A2A-A42E-364C533B80B3}
	EndGlobalSection
EndGlobal
