
Microsoft Visual Studio Solution File, Format Version 12.00
# Visual Studio Version 16
VisualStudioVersion = 16.0.29318.209
MinimumVisualStudioVersion = 10.0.40219.1
Project("{9A19103F-16F7-4668-BE54-9A1E7A4F7556}") = "LimsServer", "lims_server\LimsServer.csproj", "{92BE359D-1BEE-44C9-87D4-1FB686C54801}"
EndProject
Project("{9A19103F-16F7-4668-BE54-9A1E7A4F7556}") = "PluginBase", "PluginBase\PluginBase.csproj", "{83289121-36F0-45DD-89CF-0C023DD7FC3F}"
EndProject
Project("{2150E333-8FDC-42A3-9474-1A3956D46DE8}") = "Processors", "Processors", "{B0410B75-36D7-480E-81D3-5F4AFC266C0E}"
EndProject
Project("{9A19103F-16F7-4668-BE54-9A1E7A4F7556}") = "Qubit2_0", "Processors\Qubit2_0\Qubit2_0.csproj", "{1BF4C55D-AAF1-4A83-8691-F0704B182F35}"
EndProject
Project("{9A19103F-16F7-4668-BE54-9A1E7A4F7556}") = "MassLynx", "Processors\MassLynx\MassLynx.csproj", "{FB28C7C6-30D5-4527-909E-460CF281F421}"
EndProject
Project("{9A19103F-16F7-4668-BE54-9A1E7A4F7556}") = "LIMSDesktop", "LIMSDesktop\LIMSDesktop.csproj", "{EEE5EBA4-341A-479F-B874-9CBB90DB1D51}"
EndProject
Project("{9A19103F-16F7-4668-BE54-9A1E7A4F7556}") = "PicoGreen", "Processors\PicoGreen\PicoGreen.csproj", "{002DE1DB-A9C6-4662-A1B1-C3DD8F782308}"
EndProject
Project("{9A19103F-16F7-4668-BE54-9A1E7A4F7556}") = "Tracefinder", "Processors\Tracefinder\Tracefinder.csproj", "{8F770EE6-6CFA-4DC7-A67A-A2C1D1D2313E}"
EndProject
Project("{9A19103F-16F7-4668-BE54-9A1E7A4F7556}") = "Entities", "Entities\Entities.csproj", "{B172FB88-AB49-437C-B6BE-A31F2D762C7B}"
EndProject
Project("{9A19103F-16F7-4668-BE54-9A1E7A4F7556}") = "MiSeq_16s", "Processors\MiSeq_16s\MiSeq_16s.csproj", "{3530BAEF-A2FB-4918-8849-A1786BF510D1}"
EndProject
Project("{9A19103F-16F7-4668-BE54-9A1E7A4F7556}") = "MiSeq_18s", "Processors\MiSeq_18s\MiSeq_18s.csproj", "{02AA500E-6F73-4786-8D97-8FB8EF81E4C2}"
EndProject
Project("{9A19103F-16F7-4668-BE54-9A1E7A4F7556}") = "LimsServerTests", "LimsServerTests\LimsServerTests.csproj", "{B5A48670-3771-442D-9993-E7D8531D307B}"
EndProject
Project("{9A19103F-16F7-4668-BE54-9A1E7A4F7556}") = "Ammonia_DA", "Processors\Ammonia_DA\Ammonia_DA.csproj", "{7539572B-150C-464B-AD4F-101C7161CDC4}"
EndProject
Project("{FAE04EC0-301F-11D3-BF4B-00C04F79EFBC}") = "Thermo_Fisher_Orbitrap", "Processors\Thermo_Fisher_Orbitrap\Thermo_Fisher_Orbitrap.csproj", "{6E097EA6-5DCE-444C-AB7B-87D4DD639538}"
EndProject
Global
	GlobalSection(SolutionConfigurationPlatforms) = preSolution
		Debug|Any CPU = Debug|Any CPU
		Release|Any CPU = Release|Any CPU
	EndGlobalSection
	GlobalSection(ProjectConfigurationPlatforms) = postSolution
		{92BE359D-1BEE-44C9-87D4-1FB686C54801}.Debug|Any CPU.ActiveCfg = Debug|Any CPU
		{92BE359D-1BEE-44C9-87D4-1FB686C54801}.Debug|Any CPU.Build.0 = Debug|Any CPU
		{92BE359D-1BEE-44C9-87D4-1FB686C54801}.Release|Any CPU.ActiveCfg = Release|Any CPU
		{92BE359D-1BEE-44C9-87D4-1FB686C54801}.Release|Any CPU.Build.0 = Release|Any CPU
		{83289121-36F0-45DD-89CF-0C023DD7FC3F}.Debug|Any CPU.ActiveCfg = Debug|Any CPU
		{83289121-36F0-45DD-89CF-0C023DD7FC3F}.Debug|Any CPU.Build.0 = Debug|Any CPU
		{83289121-36F0-45DD-89CF-0C023DD7FC3F}.Release|Any CPU.ActiveCfg = Release|Any CPU
		{83289121-36F0-45DD-89CF-0C023DD7FC3F}.Release|Any CPU.Build.0 = Release|Any CPU
		{1BF4C55D-AAF1-4A83-8691-F0704B182F35}.Debug|Any CPU.ActiveCfg = Debug|Any CPU
		{1BF4C55D-AAF1-4A83-8691-F0704B182F35}.Debug|Any CPU.Build.0 = Debug|Any CPU
		{1BF4C55D-AAF1-4A83-8691-F0704B182F35}.Release|Any CPU.ActiveCfg = Release|Any CPU
		{1BF4C55D-AAF1-4A83-8691-F0704B182F35}.Release|Any CPU.Build.0 = Release|Any CPU
		{FB28C7C6-30D5-4527-909E-460CF281F421}.Debug|Any CPU.ActiveCfg = Debug|Any CPU
		{FB28C7C6-30D5-4527-909E-460CF281F421}.Debug|Any CPU.Build.0 = Debug|Any CPU
		{FB28C7C6-30D5-4527-909E-460CF281F421}.Release|Any CPU.ActiveCfg = Release|Any CPU
		{FB28C7C6-30D5-4527-909E-460CF281F421}.Release|Any CPU.Build.0 = Release|Any CPU
		{EEE5EBA4-341A-479F-B874-9CBB90DB1D51}.Debug|Any CPU.ActiveCfg = Debug|Any CPU
		{EEE5EBA4-341A-479F-B874-9CBB90DB1D51}.Debug|Any CPU.Build.0 = Debug|Any CPU
		{EEE5EBA4-341A-479F-B874-9CBB90DB1D51}.Release|Any CPU.ActiveCfg = Release|Any CPU
		{EEE5EBA4-341A-479F-B874-9CBB90DB1D51}.Release|Any CPU.Build.0 = Release|Any CPU
		{002DE1DB-A9C6-4662-A1B1-C3DD8F782308}.Debug|Any CPU.ActiveCfg = Debug|Any CPU
		{002DE1DB-A9C6-4662-A1B1-C3DD8F782308}.Debug|Any CPU.Build.0 = Debug|Any CPU
		{002DE1DB-A9C6-4662-A1B1-C3DD8F782308}.Release|Any CPU.ActiveCfg = Release|Any CPU
		{002DE1DB-A9C6-4662-A1B1-C3DD8F782308}.Release|Any CPU.Build.0 = Release|Any CPU
		{8F770EE6-6CFA-4DC7-A67A-A2C1D1D2313E}.Debug|Any CPU.ActiveCfg = Debug|Any CPU
		{8F770EE6-6CFA-4DC7-A67A-A2C1D1D2313E}.Debug|Any CPU.Build.0 = Debug|Any CPU
		{8F770EE6-6CFA-4DC7-A67A-A2C1D1D2313E}.Release|Any CPU.ActiveCfg = Release|Any CPU
		{8F770EE6-6CFA-4DC7-A67A-A2C1D1D2313E}.Release|Any CPU.Build.0 = Release|Any CPU
		{B172FB88-AB49-437C-B6BE-A31F2D762C7B}.Debug|Any CPU.ActiveCfg = Debug|Any CPU
		{B172FB88-AB49-437C-B6BE-A31F2D762C7B}.Debug|Any CPU.Build.0 = Debug|Any CPU
		{B172FB88-AB49-437C-B6BE-A31F2D762C7B}.Release|Any CPU.ActiveCfg = Release|Any CPU
		{B172FB88-AB49-437C-B6BE-A31F2D762C7B}.Release|Any CPU.Build.0 = Release|Any CPU
		{3530BAEF-A2FB-4918-8849-A1786BF510D1}.Debug|Any CPU.ActiveCfg = Debug|Any CPU
		{3530BAEF-A2FB-4918-8849-A1786BF510D1}.Debug|Any CPU.Build.0 = Debug|Any CPU
		{3530BAEF-A2FB-4918-8849-A1786BF510D1}.Release|Any CPU.ActiveCfg = Release|Any CPU
		{3530BAEF-A2FB-4918-8849-A1786BF510D1}.Release|Any CPU.Build.0 = Release|Any CPU
		{02AA500E-6F73-4786-8D97-8FB8EF81E4C2}.Debug|Any CPU.ActiveCfg = Debug|Any CPU
		{02AA500E-6F73-4786-8D97-8FB8EF81E4C2}.Debug|Any CPU.Build.0 = Debug|Any CPU
		{02AA500E-6F73-4786-8D97-8FB8EF81E4C2}.Release|Any CPU.ActiveCfg = Release|Any CPU
		{02AA500E-6F73-4786-8D97-8FB8EF81E4C2}.Release|Any CPU.Build.0 = Release|Any CPU
		{B5A48670-3771-442D-9993-E7D8531D307B}.Debug|Any CPU.ActiveCfg = Debug|Any CPU
		{B5A48670-3771-442D-9993-E7D8531D307B}.Debug|Any CPU.Build.0 = Debug|Any CPU
		{B5A48670-3771-442D-9993-E7D8531D307B}.Release|Any CPU.ActiveCfg = Release|Any CPU
		{B5A48670-3771-442D-9993-E7D8531D307B}.Release|Any CPU.Build.0 = Release|Any CPU
		{7539572B-150C-464B-AD4F-101C7161CDC4}.Debug|Any CPU.ActiveCfg = Debug|Any CPU
		{7539572B-150C-464B-AD4F-101C7161CDC4}.Debug|Any CPU.Build.0 = Debug|Any CPU
		{7539572B-150C-464B-AD4F-101C7161CDC4}.Release|Any CPU.ActiveCfg = Release|Any CPU
		{7539572B-150C-464B-AD4F-101C7161CDC4}.Release|Any CPU.Build.0 = Release|Any CPU
		{6E097EA6-5DCE-444C-AB7B-87D4DD639538}.Debug|Any CPU.ActiveCfg = Debug|Any CPU
		{6E097EA6-5DCE-444C-AB7B-87D4DD639538}.Debug|Any CPU.Build.0 = Debug|Any CPU
		{6E097EA6-5DCE-444C-AB7B-87D4DD639538}.Release|Any CPU.ActiveCfg = Release|Any CPU
		{6E097EA6-5DCE-444C-AB7B-87D4DD639538}.Release|Any CPU.Build.0 = Release|Any CPU
	EndGlobalSection
	GlobalSection(SolutionProperties) = preSolution
		HideSolutionNode = FALSE
	EndGlobalSection
	GlobalSection(NestedProjects) = preSolution
		{1BF4C55D-AAF1-4A83-8691-F0704B182F35} = {B0410B75-36D7-480E-81D3-5F4AFC266C0E}
		{FB28C7C6-30D5-4527-909E-460CF281F421} = {B0410B75-36D7-480E-81D3-5F4AFC266C0E}
		{002DE1DB-A9C6-4662-A1B1-C3DD8F782308} = {B0410B75-36D7-480E-81D3-5F4AFC266C0E}
		{8F770EE6-6CFA-4DC7-A67A-A2C1D1D2313E} = {B0410B75-36D7-480E-81D3-5F4AFC266C0E}
		{3530BAEF-A2FB-4918-8849-A1786BF510D1} = {B0410B75-36D7-480E-81D3-5F4AFC266C0E}
		{02AA500E-6F73-4786-8D97-8FB8EF81E4C2} = {B0410B75-36D7-480E-81D3-5F4AFC266C0E}
		{7539572B-150C-464B-AD4F-101C7161CDC4} = {B0410B75-36D7-480E-81D3-5F4AFC266C0E}
		{6E097EA6-5DCE-444C-AB7B-87D4DD639538} = {B0410B75-36D7-480E-81D3-5F4AFC266C0E}
	EndGlobalSection
	GlobalSection(ExtensibilityGlobals) = postSolution
		SolutionGuid = {C30C58D6-0637-4A2A-A42E-364C533B80B3}
	EndGlobalSection
EndGlobal
