
Microsoft Visual Studio Solution File, Format Version 12.00
# Visual Studio Version 17
VisualStudioVersion = 17.0.32014.148
MinimumVisualStudioVersion = 10.0.40219.1
Project("{9A19103F-16F7-4668-BE54-9A1E7A4F7556}") = "LimsServer", "lims_server\LimsServer.csproj", "{92BE359D-1BEE-44C9-87D4-1FB686C54801}"
EndProject
Project("{9A19103F-16F7-4668-BE54-9A1E7A4F7556}") = "PluginBase", "PluginBase\PluginBase.csproj", "{83289121-36F0-45DD-89CF-0C023DD7FC3F}"
EndProject
Project("{2150E333-8FDC-42A3-9474-1A3956D46DE8}") = "Processors", "Processors", "{B0410B75-36D7-480E-81D3-5F4AFC266C0E}"
EndProject
Project("{9A19103F-16F7-4668-BE54-9A1E7A4F7556}") = "Qubit2_0", "Processors\Qubit2_0\Qubit2_0.csproj", "{1BF4C55D-AAF1-4A83-8691-F0704B182F35}"
EndProject
Project("{9A19103F-16F7-4668-BE54-9A1E7A4F7556}") = "MassLynx", "Processors\MassLynx\MassLynx.csproj", "{FB28C7C6-30D5-4527-909E-460CF281F421}"
EndProject
Project("{9A19103F-16F7-4668-BE54-9A1E7A4F7556}") = "PicoGreen", "Processors\PicoGreen\PicoGreen.csproj", "{002DE1DB-A9C6-4662-A1B1-C3DD8F782308}"
EndProject
Project("{9A19103F-16F7-4668-BE54-9A1E7A4F7556}") = "Tracefinder", "Processors\Tracefinder\Tracefinder.csproj", "{8F770EE6-6CFA-4DC7-A67A-A2C1D1D2313E}"
EndProject
Project("{9A19103F-16F7-4668-BE54-9A1E7A4F7556}") = "Entities", "Entities\Entities.csproj", "{B172FB88-AB49-437C-B6BE-A31F2D762C7B}"
EndProject
Project("{9A19103F-16F7-4668-BE54-9A1E7A4F7556}") = "MiSeq_16s", "Processors\MiSeq_16s\MiSeq_16s.csproj", "{3530BAEF-A2FB-4918-8849-A1786BF510D1}"
EndProject
Project("{9A19103F-16F7-4668-BE54-9A1E7A4F7556}") = "MiSeq_18s", "Processors\MiSeq_18s\MiSeq_18s.csproj", "{02AA500E-6F73-4786-8D97-8FB8EF81E4C2}"
EndProject
Project("{9A19103F-16F7-4668-BE54-9A1E7A4F7556}") = "LimsServerTests", "LimsServerTests\LimsServerTests.csproj", "{B5A48670-3771-442D-9993-E7D8531D307B}"
EndProject
Project("{9A19103F-16F7-4668-BE54-9A1E7A4F7556}") = "Xcaliber", "Processors\Xcaliber\Xcaliber.csproj", "{E5A974DD-8CBF-420F-9791-1A4DD5A8A8EF}"
EndProject
Project("{9A19103F-16F7-4668-BE54-9A1E7A4F7556}") = "WinLab_ICP", "Processors\WinLab_ICP\WinLab_ICP.csproj", "{DFE72F01-72BD-4E40-B063-5FD13E5DBFCA}"
EndProject
Project("{9A19103F-16F7-4668-BE54-9A1E7A4F7556}") = "Chlorophyll", "Processors\Chlorophyll\Chlorophyll.csproj", "{D821FCBA-9AD3-42DC-9F91-5B0C56529A8A}"
EndProject
Project("{9A19103F-16F7-4668-BE54-9A1E7A4F7556}") = "HT_PCR", "Processors\HT_PCR\HT_PCR.csproj", "{F8819D4D-33FF-4832-A2D7-6957C8B547CD}"
EndProject
Project("{9A19103F-16F7-4668-BE54-9A1E7A4F7556}") = "Shimadzu_TOC_VCPH", "Processors\Shimadzu_TOC_VCPH\Shimadzu_TOC_VCPH.csproj", "{E0DC01FA-0068-4654-9DC5-C443E34807F7}"
EndProject
Project("{9A19103F-16F7-4668-BE54-9A1E7A4F7556}") = "Astoria_Pacific_Astoria2", "Processors\Astoria_Pacific_Astoria2\Astoria_Pacific_Astoria2.csproj", "{88768859-50DB-4648-8604-08B9B222E713}"
EndProject
Project("{9A19103F-16F7-4668-BE54-9A1E7A4F7556}") = "LIMSDesktop", "LIMSDesktop\LIMSDesktop.csproj", "{127880E0-5903-4566-9469-E144B612C0CF}"
EndProject
Project("{9A19103F-16F7-4668-BE54-9A1E7A4F7556}") = "ACESD_Chlorophyll", "Processors\ACESD_Chlorophyll\ACESD_Chlorophyll.csproj", "{1BF6AD47-FD06-4B33-9454-8D31359ED06B}"
EndProject
Project("{9A19103F-16F7-4668-BE54-9A1E7A4F7556}") = "CHL_IC", "Processors\CHL_IC\CHL_IC.csproj", "{009445F8-0C11-42C3-897B-4908F9CFED42}"
EndProject
Project("{9A19103F-16F7-4668-BE54-9A1E7A4F7556}") = "CPHEA_ICP", "Processors\CPHEA_ICP\CPHEA_ICP.csproj", "{7E1CF4F7-715B-4970-8CBB-72A66FCF1907}"
EndProject
Project("{9A19103F-16F7-4668-BE54-9A1E7A4F7556}") = "NRSA_ddPCR", "Processors\NRSA_ddPCR\NRSA_ddPCR.csproj", "{DDD76573-F619-41A5-8831-C256251E01D0}"
EndProject
Project("{9A19103F-16F7-4668-BE54-9A1E7A4F7556}") = "SOP_4426_AMCD_SFSB", "Processors\SOP_4426_AMCD_SFSB\SOP_4426_AMCD_SFSB.csproj", "{8A503B52-63A2-4470-8135-A72D8EAC803C}"
EndProject
Project("{9A19103F-16F7-4668-BE54-9A1E7A4F7556}") = "Agilent_7900_ICPMS", "Processors\Agilent_7900_ICPMS\Agilent_7900_ICPMS.csproj", "{D1F53F4E-39B2-4F31-B8E3-55F07EE9B90D}"
EndProject
Project("{9A19103F-16F7-4668-BE54-9A1E7A4F7556}") = "Thermo_Elemental_iCAP6500_ICP", "Processors\Thermo_Elemental_iCAP6500_ICP\Thermo_Elemental_iCAP6500_ICP.csproj", "{B7A7503B-B870-4584-B799-1623F0EDF49E}"
EndProject
Project("{9A19103F-16F7-4668-BE54-9A1E7A4F7556}") = "CHL_TOC", "Processors\CHL_TOC\CHL_TOC.csproj", "{4081B1BA-AD6A-4021-B928-ED32202A6B95}"
EndProject
Project("{9A19103F-16F7-4668-BE54-9A1E7A4F7556}") = "ETTB_UPLC", "Processors\ETTB_UPLC\ETTB_UPLC.csproj", "{E1F5F32F-592A-4140-B478-7B495BA2EC70}"
EndProject
Project("{9A19103F-16F7-4668-BE54-9A1E7A4F7556}") = "ACESD_DIC", "Processors\ACESD_DIC\ACESD_DIC.csproj", "{42F4B926-74F0-47D1-9E92-6093C5D38AEF}"
EndProject
Project("{9A19103F-16F7-4668-BE54-9A1E7A4F7556}") = "ACESD_DOC", "Processors\ACESD_DOC\ACESD_DOC.csproj", "{8702762F-AC7E-44A1-A4F6-3FFDCF0D4208}"
EndProject
Project("{9A19103F-16F7-4668-BE54-9A1E7A4F7556}") = "SFSB_Light_Hydrocarbons", "Processors\SFSB_Light_Hydrocarbons\SFSB_Light_Hydrocarbons.csproj", "{C83FE3AB-E08F-4911-B07D-1359DB822F68}"
EndProject
Project("{9A19103F-16F7-4668-BE54-9A1E7A4F7556}") = "Agilent_6890", "Processors\Agilent_6890\Agilent_6890.csproj", "{C5E32457-4B94-4D5E-82E6-7070F318FB71}"
EndProject
Project("{9A19103F-16F7-4668-BE54-9A1E7A4F7556}") = "Thermo_Finnigan_DeltaPlus_IRMS", "Processors\Thermo_Finnigan_DeltaPlus_IRMS\Thermo_Finnigan_DeltaPlus_IRMS.csproj", "{3635F06C-7736-436C-94FB-C4AB026DB8C4}"
EndProject
Project("{9A19103F-16F7-4668-BE54-9A1E7A4F7556}") = "CE_Instruments_NC2500_Elemental_Analyzer", "Processors\CE_Instruments_NC2500_Elemental_Analyzer\CE_Instruments_NC2500_Elemental_Analyzer.csproj", "{102ED65C-9EBA-446F-860A-19F31997C83A}"
EndProject
Project("{9A19103F-16F7-4668-BE54-9A1E7A4F7556}") = "ETTB_PFAS_MDLs", "Processors\ETTB_PFAS_MDLs\ETTB_PFAS_MDLs.csproj", "{F6A03D80-4841-42D7-8B81-A1368A30F183}"
EndProject
Project("{9A19103F-16F7-4668-BE54-9A1E7A4F7556}") = "QuantStudio_qPCR", "Processors\QuantStudio_qPCR\QuantStudio_qPCR.csproj", "{EC0720B1-E193-4BEF-A336-FC99C7279683}"
EndProject
Project("{9A19103F-16F7-4668-BE54-9A1E7A4F7556}") = "EGB_OTU", "Processors\EGB_OTU\EGB_OTU.csproj", "{A14F0BCC-6709-43CC-8AFA-CD5B5B1CB542}"
EndProject
Project("{9A19103F-16F7-4668-BE54-9A1E7A4F7556}") = "ACESD_TSS", "Processors\ACESD_TSS\ACESD_TSS.csproj", "{42415529-28F1-4941-A7F7-2D441B4F92EC}"
EndProject
Project("{9A19103F-16F7-4668-BE54-9A1E7A4F7556}") = "SFSB_Slopes_Intercepts", "Processors\SFSB_Slopes_Intercepts\SFSB_Slopes_Intercepts.csproj", "{F8CFFCF1-FF91-47EC-A404-FA0C6A045B67}"
EndProject
Project("{9A19103F-16F7-4668-BE54-9A1E7A4F7556}") = "EGB_YSI6600", "Processors\EGB_YSI6600\EGB_YSI6600.csproj", "{5B51BE54-6B68-4F23-8741-40C4758F2D79}"
EndProject
Project("{9A19103F-16F7-4668-BE54-9A1E7A4F7556}") = "ACESD_IRMS", "Processors\ACESD_IRMS\ACESD_IRMS.csproj", "{2F0E83D9-FF2A-4331-902C-A9C1ACBC9AF7}"
EndProject
Project("{9A19103F-16F7-4668-BE54-9A1E7A4F7556}") = "SFSB_VBS", "Processors\SFSB_VBS\SFSB_VBS.csproj", "{C5642745-9F1B-4D5E-B9FD-D081CE8B51D0}"
EndProject
Project("{9A19103F-16F7-4668-BE54-9A1E7A4F7556}") = "ACESD_Fecal_Coliform", "Processors\ACESD_Fecal_Coliform\ACESD_Fecal_Coliform.csproj", "{B94278C2-771E-401F-A7F4-1FBD5286DD52}"
EndProject
Project("{9A19103F-16F7-4668-BE54-9A1E7A4F7556}") = "SFSB_EC_OC_Carbon_Analyzer", "Processors\SFSB_EC_OC_Carbon_Analyzer\SFSB_EC_OC_Carbon_Analyzer.csproj", "{148A4CB3-D34B-4AC8-B2CA-5858C6BA00C9}"
EndProject
Project("{9A19103F-16F7-4668-BE54-9A1E7A4F7556}") = "EGB_Qubit", "Processors\EGB_Qubit\EGB_Qubit.csproj", "{25428AB3-31F5-4D71-909A-0A479981D265}"
EndProject
Project("{9A19103F-16F7-4668-BE54-9A1E7A4F7556}") = "CMTB_Colorimetry", "Processors\CMTB_Colorimetry\CMTB_Colorimetry.csproj", "{99D2520C-EE1A-4904-A095-2EC7130B7B3F}"
EndProject
Project("{9A19103F-16F7-4668-BE54-9A1E7A4F7556}") = "CMTB_ICP_MS", "Processors\CMTB_ICP_MS\CMTB_ICP_MS.csproj", "{5D9FD833-A337-4512-997D-E07708915278}"
EndProject
Project("{9A19103F-16F7-4668-BE54-9A1E7A4F7556}") = "CMTB_Titration", "Processors\CMTB_Titration\CMTB_Titration.csproj", "{EA9ECD2F-25CD-4993-871B-9919D310F50A}"
EndProject
Project("{9A19103F-16F7-4668-BE54-9A1E7A4F7556}") = "CMTB_IC", "Processors\CMTB_IC\CMTB_IC.csproj", "{983B0B0A-FCD0-4AE1-9147-556A66401C09}"
EndProject
Project("{9A19103F-16F7-4668-BE54-9A1E7A4F7556}") = "CMTB_TOC", "processors\CMTB_TOC\CMTB_TOC.csproj", "{E7766FC8-5716-44E2-B4D8-43CF9CEC6520}"
EndProject
Project("{9A19103F-16F7-4668-BE54-9A1E7A4F7556}") = "IRSB_ICP_OES", "Processors\IRSB_ICP_OES\IRSB_ICP_OES.csproj", "{CA32E1F6-5947-4E8D-B7BB-AD0F38DFFF26}"
EndProject
Project("{9A19103F-16F7-4668-BE54-9A1E7A4F7556}") = "SRB_ICP_MS", "Processors\SRB_ICP_MS\SRB_ICP_MS.csproj", "{637FE84B-CA1D-407B-8B08-6770B967F0D4}"
EndProject
Project("{9A19103F-16F7-4668-BE54-9A1E7A4F7556}") = "SFSB_P9_P10", "Processors\SFSB_P9_P10\SFSB_P9_P10.csproj", "{26B59BB1-F8D1-46DE-9513-25EA9763D7A3}"
EndProject
Project("{FAE04EC0-301F-11D3-BF4B-00C04F79EFBC}") = "SFSB_Slopes_Intercepts_CF", "Processors\SFSB_Slopes_Intercepts_CF\SFSB_Slopes_Intercepts_CF.csproj", "{48E10950-054C-4240-8416-A7AF75D822AA}"
EndProject
Global
	GlobalSection(SolutionConfigurationPlatforms) = preSolution
		Debug|Any CPU = Debug|Any CPU
		Release|Any CPU = Release|Any CPU
	EndGlobalSection
	GlobalSection(ProjectConfigurationPlatforms) = postSolution
		{92BE359D-1BEE-44C9-87D4-1FB686C54801}.Debug|Any CPU.ActiveCfg = Debug|Any CPU
		{92BE359D-1BEE-44C9-87D4-1FB686C54801}.Debug|Any CPU.Build.0 = Debug|Any CPU
		{92BE359D-1BEE-44C9-87D4-1FB686C54801}.Release|Any CPU.ActiveCfg = Release|Any CPU
		{92BE359D-1BEE-44C9-87D4-1FB686C54801}.Release|Any CPU.Build.0 = Release|Any CPU
		{83289121-36F0-45DD-89CF-0C023DD7FC3F}.Debug|Any CPU.ActiveCfg = Debug|Any CPU
		{83289121-36F0-45DD-89CF-0C023DD7FC3F}.Debug|Any CPU.Build.0 = Debug|Any CPU
		{83289121-36F0-45DD-89CF-0C023DD7FC3F}.Release|Any CPU.ActiveCfg = Release|Any CPU
		{83289121-36F0-45DD-89CF-0C023DD7FC3F}.Release|Any CPU.Build.0 = Release|Any CPU
		{1BF4C55D-AAF1-4A83-8691-F0704B182F35}.Debug|Any CPU.ActiveCfg = Debug|Any CPU
		{1BF4C55D-AAF1-4A83-8691-F0704B182F35}.Debug|Any CPU.Build.0 = Debug|Any CPU
		{1BF4C55D-AAF1-4A83-8691-F0704B182F35}.Release|Any CPU.ActiveCfg = Release|Any CPU
		{1BF4C55D-AAF1-4A83-8691-F0704B182F35}.Release|Any CPU.Build.0 = Release|Any CPU
		{FB28C7C6-30D5-4527-909E-460CF281F421}.Debug|Any CPU.ActiveCfg = Debug|Any CPU
		{FB28C7C6-30D5-4527-909E-460CF281F421}.Debug|Any CPU.Build.0 = Debug|Any CPU
		{FB28C7C6-30D5-4527-909E-460CF281F421}.Release|Any CPU.ActiveCfg = Release|Any CPU
		{FB28C7C6-30D5-4527-909E-460CF281F421}.Release|Any CPU.Build.0 = Release|Any CPU
		{002DE1DB-A9C6-4662-A1B1-C3DD8F782308}.Debug|Any CPU.ActiveCfg = Debug|Any CPU
		{002DE1DB-A9C6-4662-A1B1-C3DD8F782308}.Debug|Any CPU.Build.0 = Debug|Any CPU
		{002DE1DB-A9C6-4662-A1B1-C3DD8F782308}.Release|Any CPU.ActiveCfg = Release|Any CPU
		{002DE1DB-A9C6-4662-A1B1-C3DD8F782308}.Release|Any CPU.Build.0 = Release|Any CPU
		{8F770EE6-6CFA-4DC7-A67A-A2C1D1D2313E}.Debug|Any CPU.ActiveCfg = Debug|Any CPU
		{8F770EE6-6CFA-4DC7-A67A-A2C1D1D2313E}.Debug|Any CPU.Build.0 = Debug|Any CPU
		{8F770EE6-6CFA-4DC7-A67A-A2C1D1D2313E}.Release|Any CPU.ActiveCfg = Release|Any CPU
		{8F770EE6-6CFA-4DC7-A67A-A2C1D1D2313E}.Release|Any CPU.Build.0 = Release|Any CPU
		{B172FB88-AB49-437C-B6BE-A31F2D762C7B}.Debug|Any CPU.ActiveCfg = Debug|Any CPU
		{B172FB88-AB49-437C-B6BE-A31F2D762C7B}.Debug|Any CPU.Build.0 = Debug|Any CPU
		{B172FB88-AB49-437C-B6BE-A31F2D762C7B}.Release|Any CPU.ActiveCfg = Release|Any CPU
		{B172FB88-AB49-437C-B6BE-A31F2D762C7B}.Release|Any CPU.Build.0 = Release|Any CPU
		{3530BAEF-A2FB-4918-8849-A1786BF510D1}.Debug|Any CPU.ActiveCfg = Debug|Any CPU
		{3530BAEF-A2FB-4918-8849-A1786BF510D1}.Debug|Any CPU.Build.0 = Debug|Any CPU
		{3530BAEF-A2FB-4918-8849-A1786BF510D1}.Release|Any CPU.ActiveCfg = Release|Any CPU
		{3530BAEF-A2FB-4918-8849-A1786BF510D1}.Release|Any CPU.Build.0 = Release|Any CPU
		{02AA500E-6F73-4786-8D97-8FB8EF81E4C2}.Debug|Any CPU.ActiveCfg = Debug|Any CPU
		{02AA500E-6F73-4786-8D97-8FB8EF81E4C2}.Debug|Any CPU.Build.0 = Debug|Any CPU
		{02AA500E-6F73-4786-8D97-8FB8EF81E4C2}.Release|Any CPU.ActiveCfg = Release|Any CPU
		{02AA500E-6F73-4786-8D97-8FB8EF81E4C2}.Release|Any CPU.Build.0 = Release|Any CPU
		{B5A48670-3771-442D-9993-E7D8531D307B}.Debug|Any CPU.ActiveCfg = Debug|Any CPU
		{B5A48670-3771-442D-9993-E7D8531D307B}.Debug|Any CPU.Build.0 = Debug|Any CPU
		{B5A48670-3771-442D-9993-E7D8531D307B}.Release|Any CPU.ActiveCfg = Release|Any CPU
		{B5A48670-3771-442D-9993-E7D8531D307B}.Release|Any CPU.Build.0 = Release|Any CPU
		{E5A974DD-8CBF-420F-9791-1A4DD5A8A8EF}.Debug|Any CPU.ActiveCfg = Debug|Any CPU
		{E5A974DD-8CBF-420F-9791-1A4DD5A8A8EF}.Debug|Any CPU.Build.0 = Debug|Any CPU
		{E5A974DD-8CBF-420F-9791-1A4DD5A8A8EF}.Release|Any CPU.ActiveCfg = Release|Any CPU
		{E5A974DD-8CBF-420F-9791-1A4DD5A8A8EF}.Release|Any CPU.Build.0 = Release|Any CPU
		{DFE72F01-72BD-4E40-B063-5FD13E5DBFCA}.Debug|Any CPU.ActiveCfg = Debug|Any CPU
		{DFE72F01-72BD-4E40-B063-5FD13E5DBFCA}.Debug|Any CPU.Build.0 = Debug|Any CPU
		{DFE72F01-72BD-4E40-B063-5FD13E5DBFCA}.Release|Any CPU.ActiveCfg = Release|Any CPU
		{DFE72F01-72BD-4E40-B063-5FD13E5DBFCA}.Release|Any CPU.Build.0 = Release|Any CPU
		{D821FCBA-9AD3-42DC-9F91-5B0C56529A8A}.Debug|Any CPU.ActiveCfg = Debug|Any CPU
		{D821FCBA-9AD3-42DC-9F91-5B0C56529A8A}.Debug|Any CPU.Build.0 = Debug|Any CPU
		{D821FCBA-9AD3-42DC-9F91-5B0C56529A8A}.Release|Any CPU.ActiveCfg = Release|Any CPU
		{D821FCBA-9AD3-42DC-9F91-5B0C56529A8A}.Release|Any CPU.Build.0 = Release|Any CPU
		{F8819D4D-33FF-4832-A2D7-6957C8B547CD}.Debug|Any CPU.ActiveCfg = Debug|Any CPU
		{F8819D4D-33FF-4832-A2D7-6957C8B547CD}.Debug|Any CPU.Build.0 = Debug|Any CPU
		{F8819D4D-33FF-4832-A2D7-6957C8B547CD}.Release|Any CPU.ActiveCfg = Release|Any CPU
		{F8819D4D-33FF-4832-A2D7-6957C8B547CD}.Release|Any CPU.Build.0 = Release|Any CPU
		{E0DC01FA-0068-4654-9DC5-C443E34807F7}.Debug|Any CPU.ActiveCfg = Debug|Any CPU
		{E0DC01FA-0068-4654-9DC5-C443E34807F7}.Debug|Any CPU.Build.0 = Debug|Any CPU
		{E0DC01FA-0068-4654-9DC5-C443E34807F7}.Release|Any CPU.ActiveCfg = Release|Any CPU
		{E0DC01FA-0068-4654-9DC5-C443E34807F7}.Release|Any CPU.Build.0 = Release|Any CPU
		{88768859-50DB-4648-8604-08B9B222E713}.Debug|Any CPU.ActiveCfg = Debug|Any CPU
		{88768859-50DB-4648-8604-08B9B222E713}.Debug|Any CPU.Build.0 = Debug|Any CPU
		{88768859-50DB-4648-8604-08B9B222E713}.Release|Any CPU.ActiveCfg = Release|Any CPU
		{88768859-50DB-4648-8604-08B9B222E713}.Release|Any CPU.Build.0 = Release|Any CPU
		{127880E0-5903-4566-9469-E144B612C0CF}.Debug|Any CPU.ActiveCfg = Debug|Any CPU
		{127880E0-5903-4566-9469-E144B612C0CF}.Debug|Any CPU.Build.0 = Debug|Any CPU
		{127880E0-5903-4566-9469-E144B612C0CF}.Release|Any CPU.ActiveCfg = Release|Any CPU
		{127880E0-5903-4566-9469-E144B612C0CF}.Release|Any CPU.Build.0 = Release|Any CPU
		{1BF6AD47-FD06-4B33-9454-8D31359ED06B}.Debug|Any CPU.ActiveCfg = Debug|Any CPU
		{1BF6AD47-FD06-4B33-9454-8D31359ED06B}.Debug|Any CPU.Build.0 = Debug|Any CPU
		{1BF6AD47-FD06-4B33-9454-8D31359ED06B}.Release|Any CPU.ActiveCfg = Release|Any CPU
		{1BF6AD47-FD06-4B33-9454-8D31359ED06B}.Release|Any CPU.Build.0 = Release|Any CPU
		{009445F8-0C11-42C3-897B-4908F9CFED42}.Debug|Any CPU.ActiveCfg = Debug|Any CPU
		{009445F8-0C11-42C3-897B-4908F9CFED42}.Debug|Any CPU.Build.0 = Debug|Any CPU
		{009445F8-0C11-42C3-897B-4908F9CFED42}.Release|Any CPU.ActiveCfg = Release|Any CPU
		{009445F8-0C11-42C3-897B-4908F9CFED42}.Release|Any CPU.Build.0 = Release|Any CPU
		{7E1CF4F7-715B-4970-8CBB-72A66FCF1907}.Debug|Any CPU.ActiveCfg = Debug|Any CPU
		{7E1CF4F7-715B-4970-8CBB-72A66FCF1907}.Debug|Any CPU.Build.0 = Debug|Any CPU
		{7E1CF4F7-715B-4970-8CBB-72A66FCF1907}.Release|Any CPU.ActiveCfg = Release|Any CPU
		{7E1CF4F7-715B-4970-8CBB-72A66FCF1907}.Release|Any CPU.Build.0 = Release|Any CPU
		{DDD76573-F619-41A5-8831-C256251E01D0}.Debug|Any CPU.ActiveCfg = Debug|Any CPU
		{DDD76573-F619-41A5-8831-C256251E01D0}.Debug|Any CPU.Build.0 = Debug|Any CPU
		{DDD76573-F619-41A5-8831-C256251E01D0}.Release|Any CPU.ActiveCfg = Release|Any CPU
		{DDD76573-F619-41A5-8831-C256251E01D0}.Release|Any CPU.Build.0 = Release|Any CPU
		{8A503B52-63A2-4470-8135-A72D8EAC803C}.Debug|Any CPU.ActiveCfg = Debug|Any CPU
		{8A503B52-63A2-4470-8135-A72D8EAC803C}.Debug|Any CPU.Build.0 = Debug|Any CPU
		{8A503B52-63A2-4470-8135-A72D8EAC803C}.Release|Any CPU.ActiveCfg = Release|Any CPU
		{8A503B52-63A2-4470-8135-A72D8EAC803C}.Release|Any CPU.Build.0 = Release|Any CPU
		{D1F53F4E-39B2-4F31-B8E3-55F07EE9B90D}.Debug|Any CPU.ActiveCfg = Debug|Any CPU
		{D1F53F4E-39B2-4F31-B8E3-55F07EE9B90D}.Debug|Any CPU.Build.0 = Debug|Any CPU
		{D1F53F4E-39B2-4F31-B8E3-55F07EE9B90D}.Release|Any CPU.ActiveCfg = Release|Any CPU
		{D1F53F4E-39B2-4F31-B8E3-55F07EE9B90D}.Release|Any CPU.Build.0 = Release|Any CPU
		{B7A7503B-B870-4584-B799-1623F0EDF49E}.Debug|Any CPU.ActiveCfg = Debug|Any CPU
		{B7A7503B-B870-4584-B799-1623F0EDF49E}.Debug|Any CPU.Build.0 = Debug|Any CPU
		{B7A7503B-B870-4584-B799-1623F0EDF49E}.Release|Any CPU.ActiveCfg = Release|Any CPU
		{B7A7503B-B870-4584-B799-1623F0EDF49E}.Release|Any CPU.Build.0 = Release|Any CPU
		{4081B1BA-AD6A-4021-B928-ED32202A6B95}.Debug|Any CPU.ActiveCfg = Debug|Any CPU
		{4081B1BA-AD6A-4021-B928-ED32202A6B95}.Debug|Any CPU.Build.0 = Debug|Any CPU
		{4081B1BA-AD6A-4021-B928-ED32202A6B95}.Release|Any CPU.ActiveCfg = Release|Any CPU
		{4081B1BA-AD6A-4021-B928-ED32202A6B95}.Release|Any CPU.Build.0 = Release|Any CPU
		{E1F5F32F-592A-4140-B478-7B495BA2EC70}.Debug|Any CPU.ActiveCfg = Debug|Any CPU
		{E1F5F32F-592A-4140-B478-7B495BA2EC70}.Debug|Any CPU.Build.0 = Debug|Any CPU
		{E1F5F32F-592A-4140-B478-7B495BA2EC70}.Release|Any CPU.ActiveCfg = Release|Any CPU
		{E1F5F32F-592A-4140-B478-7B495BA2EC70}.Release|Any CPU.Build.0 = Release|Any CPU
		{42F4B926-74F0-47D1-9E92-6093C5D38AEF}.Debug|Any CPU.ActiveCfg = Debug|Any CPU
		{42F4B926-74F0-47D1-9E92-6093C5D38AEF}.Debug|Any CPU.Build.0 = Debug|Any CPU
		{42F4B926-74F0-47D1-9E92-6093C5D38AEF}.Release|Any CPU.ActiveCfg = Release|Any CPU
		{42F4B926-74F0-47D1-9E92-6093C5D38AEF}.Release|Any CPU.Build.0 = Release|Any CPU
		{8702762F-AC7E-44A1-A4F6-3FFDCF0D4208}.Debug|Any CPU.ActiveCfg = Debug|Any CPU
		{8702762F-AC7E-44A1-A4F6-3FFDCF0D4208}.Debug|Any CPU.Build.0 = Debug|Any CPU
		{8702762F-AC7E-44A1-A4F6-3FFDCF0D4208}.Release|Any CPU.ActiveCfg = Release|Any CPU
		{8702762F-AC7E-44A1-A4F6-3FFDCF0D4208}.Release|Any CPU.Build.0 = Release|Any CPU
		{C83FE3AB-E08F-4911-B07D-1359DB822F68}.Debug|Any CPU.ActiveCfg = Debug|Any CPU
		{C83FE3AB-E08F-4911-B07D-1359DB822F68}.Debug|Any CPU.Build.0 = Debug|Any CPU
		{C83FE3AB-E08F-4911-B07D-1359DB822F68}.Release|Any CPU.ActiveCfg = Release|Any CPU
		{C83FE3AB-E08F-4911-B07D-1359DB822F68}.Release|Any CPU.Build.0 = Release|Any CPU
		{C5E32457-4B94-4D5E-82E6-7070F318FB71}.Debug|Any CPU.ActiveCfg = Debug|Any CPU
		{C5E32457-4B94-4D5E-82E6-7070F318FB71}.Debug|Any CPU.Build.0 = Debug|Any CPU
		{C5E32457-4B94-4D5E-82E6-7070F318FB71}.Release|Any CPU.ActiveCfg = Release|Any CPU
		{C5E32457-4B94-4D5E-82E6-7070F318FB71}.Release|Any CPU.Build.0 = Release|Any CPU
		{3635F06C-7736-436C-94FB-C4AB026DB8C4}.Debug|Any CPU.ActiveCfg = Debug|Any CPU
		{3635F06C-7736-436C-94FB-C4AB026DB8C4}.Debug|Any CPU.Build.0 = Debug|Any CPU
		{3635F06C-7736-436C-94FB-C4AB026DB8C4}.Release|Any CPU.ActiveCfg = Release|Any CPU
		{3635F06C-7736-436C-94FB-C4AB026DB8C4}.Release|Any CPU.Build.0 = Release|Any CPU
		{102ED65C-9EBA-446F-860A-19F31997C83A}.Debug|Any CPU.ActiveCfg = Debug|Any CPU
		{102ED65C-9EBA-446F-860A-19F31997C83A}.Debug|Any CPU.Build.0 = Debug|Any CPU
		{102ED65C-9EBA-446F-860A-19F31997C83A}.Release|Any CPU.ActiveCfg = Release|Any CPU
		{102ED65C-9EBA-446F-860A-19F31997C83A}.Release|Any CPU.Build.0 = Release|Any CPU
		{F6A03D80-4841-42D7-8B81-A1368A30F183}.Debug|Any CPU.ActiveCfg = Debug|Any CPU
		{F6A03D80-4841-42D7-8B81-A1368A30F183}.Debug|Any CPU.Build.0 = Debug|Any CPU
		{F6A03D80-4841-42D7-8B81-A1368A30F183}.Release|Any CPU.ActiveCfg = Release|Any CPU
		{F6A03D80-4841-42D7-8B81-A1368A30F183}.Release|Any CPU.Build.0 = Release|Any CPU
		{EC0720B1-E193-4BEF-A336-FC99C7279683}.Debug|Any CPU.ActiveCfg = Debug|Any CPU
		{EC0720B1-E193-4BEF-A336-FC99C7279683}.Debug|Any CPU.Build.0 = Debug|Any CPU
		{EC0720B1-E193-4BEF-A336-FC99C7279683}.Release|Any CPU.ActiveCfg = Release|Any CPU
		{EC0720B1-E193-4BEF-A336-FC99C7279683}.Release|Any CPU.Build.0 = Release|Any CPU
		{A14F0BCC-6709-43CC-8AFA-CD5B5B1CB542}.Debug|Any CPU.ActiveCfg = Debug|Any CPU
		{A14F0BCC-6709-43CC-8AFA-CD5B5B1CB542}.Debug|Any CPU.Build.0 = Debug|Any CPU
		{A14F0BCC-6709-43CC-8AFA-CD5B5B1CB542}.Release|Any CPU.ActiveCfg = Release|Any CPU
		{A14F0BCC-6709-43CC-8AFA-CD5B5B1CB542}.Release|Any CPU.Build.0 = Release|Any CPU
		{42415529-28F1-4941-A7F7-2D441B4F92EC}.Debug|Any CPU.ActiveCfg = Debug|Any CPU
		{42415529-28F1-4941-A7F7-2D441B4F92EC}.Debug|Any CPU.Build.0 = Debug|Any CPU
		{42415529-28F1-4941-A7F7-2D441B4F92EC}.Release|Any CPU.ActiveCfg = Release|Any CPU
		{42415529-28F1-4941-A7F7-2D441B4F92EC}.Release|Any CPU.Build.0 = Release|Any CPU
		{F8CFFCF1-FF91-47EC-A404-FA0C6A045B67}.Debug|Any CPU.ActiveCfg = Debug|Any CPU
		{F8CFFCF1-FF91-47EC-A404-FA0C6A045B67}.Debug|Any CPU.Build.0 = Debug|Any CPU
		{F8CFFCF1-FF91-47EC-A404-FA0C6A045B67}.Release|Any CPU.ActiveCfg = Release|Any CPU
		{F8CFFCF1-FF91-47EC-A404-FA0C6A045B67}.Release|Any CPU.Build.0 = Release|Any CPU
		{5B51BE54-6B68-4F23-8741-40C4758F2D79}.Debug|Any CPU.ActiveCfg = Debug|Any CPU
		{5B51BE54-6B68-4F23-8741-40C4758F2D79}.Debug|Any CPU.Build.0 = Debug|Any CPU
		{5B51BE54-6B68-4F23-8741-40C4758F2D79}.Release|Any CPU.ActiveCfg = Release|Any CPU
		{5B51BE54-6B68-4F23-8741-40C4758F2D79}.Release|Any CPU.Build.0 = Release|Any CPU
		{2F0E83D9-FF2A-4331-902C-A9C1ACBC9AF7}.Debug|Any CPU.ActiveCfg = Debug|Any CPU
		{2F0E83D9-FF2A-4331-902C-A9C1ACBC9AF7}.Debug|Any CPU.Build.0 = Debug|Any CPU
		{2F0E83D9-FF2A-4331-902C-A9C1ACBC9AF7}.Release|Any CPU.ActiveCfg = Release|Any CPU
		{2F0E83D9-FF2A-4331-902C-A9C1ACBC9AF7}.Release|Any CPU.Build.0 = Release|Any CPU
		{C5642745-9F1B-4D5E-B9FD-D081CE8B51D0}.Debug|Any CPU.ActiveCfg = Debug|Any CPU
		{C5642745-9F1B-4D5E-B9FD-D081CE8B51D0}.Debug|Any CPU.Build.0 = Debug|Any CPU
		{C5642745-9F1B-4D5E-B9FD-D081CE8B51D0}.Release|Any CPU.ActiveCfg = Release|Any CPU
		{C5642745-9F1B-4D5E-B9FD-D081CE8B51D0}.Release|Any CPU.Build.0 = Release|Any CPU
		{B94278C2-771E-401F-A7F4-1FBD5286DD52}.Debug|Any CPU.ActiveCfg = Debug|Any CPU
		{B94278C2-771E-401F-A7F4-1FBD5286DD52}.Debug|Any CPU.Build.0 = Debug|Any CPU
		{B94278C2-771E-401F-A7F4-1FBD5286DD52}.Release|Any CPU.ActiveCfg = Release|Any CPU
		{B94278C2-771E-401F-A7F4-1FBD5286DD52}.Release|Any CPU.Build.0 = Release|Any CPU
		{148A4CB3-D34B-4AC8-B2CA-5858C6BA00C9}.Debug|Any CPU.ActiveCfg = Debug|Any CPU
		{148A4CB3-D34B-4AC8-B2CA-5858C6BA00C9}.Debug|Any CPU.Build.0 = Debug|Any CPU
		{148A4CB3-D34B-4AC8-B2CA-5858C6BA00C9}.Release|Any CPU.ActiveCfg = Release|Any CPU
		{148A4CB3-D34B-4AC8-B2CA-5858C6BA00C9}.Release|Any CPU.Build.0 = Release|Any CPU
		{25428AB3-31F5-4D71-909A-0A479981D265}.Debug|Any CPU.ActiveCfg = Debug|Any CPU
		{25428AB3-31F5-4D71-909A-0A479981D265}.Debug|Any CPU.Build.0 = Debug|Any CPU
		{25428AB3-31F5-4D71-909A-0A479981D265}.Release|Any CPU.ActiveCfg = Release|Any CPU
		{25428AB3-31F5-4D71-909A-0A479981D265}.Release|Any CPU.Build.0 = Release|Any CPU
		{99D2520C-EE1A-4904-A095-2EC7130B7B3F}.Debug|Any CPU.ActiveCfg = Debug|Any CPU
		{99D2520C-EE1A-4904-A095-2EC7130B7B3F}.Debug|Any CPU.Build.0 = Debug|Any CPU
		{99D2520C-EE1A-4904-A095-2EC7130B7B3F}.Release|Any CPU.ActiveCfg = Release|Any CPU
		{99D2520C-EE1A-4904-A095-2EC7130B7B3F}.Release|Any CPU.Build.0 = Release|Any CPU
		{5D9FD833-A337-4512-997D-E07708915278}.Debug|Any CPU.ActiveCfg = Debug|Any CPU
		{5D9FD833-A337-4512-997D-E07708915278}.Debug|Any CPU.Build.0 = Debug|Any CPU
		{5D9FD833-A337-4512-997D-E07708915278}.Release|Any CPU.ActiveCfg = Release|Any CPU
		{5D9FD833-A337-4512-997D-E07708915278}.Release|Any CPU.Build.0 = Release|Any CPU
		{EA9ECD2F-25CD-4993-871B-9919D310F50A}.Debug|Any CPU.ActiveCfg = Debug|Any CPU
		{EA9ECD2F-25CD-4993-871B-9919D310F50A}.Debug|Any CPU.Build.0 = Debug|Any CPU
		{EA9ECD2F-25CD-4993-871B-9919D310F50A}.Release|Any CPU.ActiveCfg = Release|Any CPU
		{EA9ECD2F-25CD-4993-871B-9919D310F50A}.Release|Any CPU.Build.0 = Release|Any CPU
		{983B0B0A-FCD0-4AE1-9147-556A66401C09}.Debug|Any CPU.ActiveCfg = Debug|Any CPU
		{983B0B0A-FCD0-4AE1-9147-556A66401C09}.Debug|Any CPU.Build.0 = Debug|Any CPU
		{983B0B0A-FCD0-4AE1-9147-556A66401C09}.Release|Any CPU.ActiveCfg = Release|Any CPU
		{983B0B0A-FCD0-4AE1-9147-556A66401C09}.Release|Any CPU.Build.0 = Release|Any CPU
		{E7766FC8-5716-44E2-B4D8-43CF9CEC6520}.Debug|Any CPU.ActiveCfg = Debug|Any CPU
		{E7766FC8-5716-44E2-B4D8-43CF9CEC6520}.Debug|Any CPU.Build.0 = Debug|Any CPU
		{E7766FC8-5716-44E2-B4D8-43CF9CEC6520}.Release|Any CPU.ActiveCfg = Release|Any CPU
		{E7766FC8-5716-44E2-B4D8-43CF9CEC6520}.Release|Any CPU.Build.0 = Release|Any CPU
		{CA32E1F6-5947-4E8D-B7BB-AD0F38DFFF26}.Debug|Any CPU.ActiveCfg = Debug|Any CPU
		{CA32E1F6-5947-4E8D-B7BB-AD0F38DFFF26}.Debug|Any CPU.Build.0 = Debug|Any CPU
		{CA32E1F6-5947-4E8D-B7BB-AD0F38DFFF26}.Release|Any CPU.ActiveCfg = Release|Any CPU
		{CA32E1F6-5947-4E8D-B7BB-AD0F38DFFF26}.Release|Any CPU.Build.0 = Release|Any CPU
		{637FE84B-CA1D-407B-8B08-6770B967F0D4}.Debug|Any CPU.ActiveCfg = Debug|Any CPU
		{637FE84B-CA1D-407B-8B08-6770B967F0D4}.Debug|Any CPU.Build.0 = Debug|Any CPU
		{637FE84B-CA1D-407B-8B08-6770B967F0D4}.Release|Any CPU.ActiveCfg = Release|Any CPU
		{637FE84B-CA1D-407B-8B08-6770B967F0D4}.Release|Any CPU.Build.0 = Release|Any CPU
		{26B59BB1-F8D1-46DE-9513-25EA9763D7A3}.Debug|Any CPU.ActiveCfg = Debug|Any CPU
		{26B59BB1-F8D1-46DE-9513-25EA9763D7A3}.Debug|Any CPU.Build.0 = Debug|Any CPU
		{26B59BB1-F8D1-46DE-9513-25EA9763D7A3}.Release|Any CPU.ActiveCfg = Release|Any CPU
		{26B59BB1-F8D1-46DE-9513-25EA9763D7A3}.Release|Any CPU.Build.0 = Release|Any CPU
		{48E10950-054C-4240-8416-A7AF75D822AA}.Debug|Any CPU.ActiveCfg = Debug|Any CPU
		{48E10950-054C-4240-8416-A7AF75D822AA}.Debug|Any CPU.Build.0 = Debug|Any CPU
		{48E10950-054C-4240-8416-A7AF75D822AA}.Release|Any CPU.ActiveCfg = Release|Any CPU
		{48E10950-054C-4240-8416-A7AF75D822AA}.Release|Any CPU.Build.0 = Release|Any CPU
	EndGlobalSection
	GlobalSection(SolutionProperties) = preSolution
		HideSolutionNode = FALSE
	EndGlobalSection
	GlobalSection(NestedProjects) = preSolution
		{1BF4C55D-AAF1-4A83-8691-F0704B182F35} = {B0410B75-36D7-480E-81D3-5F4AFC266C0E}
		{FB28C7C6-30D5-4527-909E-460CF281F421} = {B0410B75-36D7-480E-81D3-5F4AFC266C0E}
		{002DE1DB-A9C6-4662-A1B1-C3DD8F782308} = {B0410B75-36D7-480E-81D3-5F4AFC266C0E}
		{8F770EE6-6CFA-4DC7-A67A-A2C1D1D2313E} = {B0410B75-36D7-480E-81D3-5F4AFC266C0E}
		{3530BAEF-A2FB-4918-8849-A1786BF510D1} = {B0410B75-36D7-480E-81D3-5F4AFC266C0E}
		{02AA500E-6F73-4786-8D97-8FB8EF81E4C2} = {B0410B75-36D7-480E-81D3-5F4AFC266C0E}
		{E5A974DD-8CBF-420F-9791-1A4DD5A8A8EF} = {B0410B75-36D7-480E-81D3-5F4AFC266C0E}
		{DFE72F01-72BD-4E40-B063-5FD13E5DBFCA} = {B0410B75-36D7-480E-81D3-5F4AFC266C0E}
		{D821FCBA-9AD3-42DC-9F91-5B0C56529A8A} = {B0410B75-36D7-480E-81D3-5F4AFC266C0E}
		{F8819D4D-33FF-4832-A2D7-6957C8B547CD} = {B0410B75-36D7-480E-81D3-5F4AFC266C0E}
		{E0DC01FA-0068-4654-9DC5-C443E34807F7} = {B0410B75-36D7-480E-81D3-5F4AFC266C0E}
		{88768859-50DB-4648-8604-08B9B222E713} = {B0410B75-36D7-480E-81D3-5F4AFC266C0E}
		{1BF6AD47-FD06-4B33-9454-8D31359ED06B} = {B0410B75-36D7-480E-81D3-5F4AFC266C0E}
		{009445F8-0C11-42C3-897B-4908F9CFED42} = {B0410B75-36D7-480E-81D3-5F4AFC266C0E}
		{7E1CF4F7-715B-4970-8CBB-72A66FCF1907} = {B0410B75-36D7-480E-81D3-5F4AFC266C0E}
		{DDD76573-F619-41A5-8831-C256251E01D0} = {B0410B75-36D7-480E-81D3-5F4AFC266C0E}
		{8A503B52-63A2-4470-8135-A72D8EAC803C} = {B0410B75-36D7-480E-81D3-5F4AFC266C0E}
		{D1F53F4E-39B2-4F31-B8E3-55F07EE9B90D} = {B0410B75-36D7-480E-81D3-5F4AFC266C0E}
		{B7A7503B-B870-4584-B799-1623F0EDF49E} = {B0410B75-36D7-480E-81D3-5F4AFC266C0E}
		{4081B1BA-AD6A-4021-B928-ED32202A6B95} = {B0410B75-36D7-480E-81D3-5F4AFC266C0E}
		{E1F5F32F-592A-4140-B478-7B495BA2EC70} = {B0410B75-36D7-480E-81D3-5F4AFC266C0E}
		{42F4B926-74F0-47D1-9E92-6093C5D38AEF} = {B0410B75-36D7-480E-81D3-5F4AFC266C0E}
		{8702762F-AC7E-44A1-A4F6-3FFDCF0D4208} = {B0410B75-36D7-480E-81D3-5F4AFC266C0E}
		{C83FE3AB-E08F-4911-B07D-1359DB822F68} = {B0410B75-36D7-480E-81D3-5F4AFC266C0E}
		{C5E32457-4B94-4D5E-82E6-7070F318FB71} = {B0410B75-36D7-480E-81D3-5F4AFC266C0E}
		{3635F06C-7736-436C-94FB-C4AB026DB8C4} = {B0410B75-36D7-480E-81D3-5F4AFC266C0E}
		{102ED65C-9EBA-446F-860A-19F31997C83A} = {B0410B75-36D7-480E-81D3-5F4AFC266C0E}
		{F6A03D80-4841-42D7-8B81-A1368A30F183} = {B0410B75-36D7-480E-81D3-5F4AFC266C0E}
		{EC0720B1-E193-4BEF-A336-FC99C7279683} = {B0410B75-36D7-480E-81D3-5F4AFC266C0E}
		{A14F0BCC-6709-43CC-8AFA-CD5B5B1CB542} = {B0410B75-36D7-480E-81D3-5F4AFC266C0E}
		{42415529-28F1-4941-A7F7-2D441B4F92EC} = {B0410B75-36D7-480E-81D3-5F4AFC266C0E}
		{F8CFFCF1-FF91-47EC-A404-FA0C6A045B67} = {B0410B75-36D7-480E-81D3-5F4AFC266C0E}
		{5B51BE54-6B68-4F23-8741-40C4758F2D79} = {B0410B75-36D7-480E-81D3-5F4AFC266C0E}
		{2F0E83D9-FF2A-4331-902C-A9C1ACBC9AF7} = {B0410B75-36D7-480E-81D3-5F4AFC266C0E}
		{C5642745-9F1B-4D5E-B9FD-D081CE8B51D0} = {B0410B75-36D7-480E-81D3-5F4AFC266C0E}
		{B94278C2-771E-401F-A7F4-1FBD5286DD52} = {B0410B75-36D7-480E-81D3-5F4AFC266C0E}
		{148A4CB3-D34B-4AC8-B2CA-5858C6BA00C9} = {B0410B75-36D7-480E-81D3-5F4AFC266C0E}
		{25428AB3-31F5-4D71-909A-0A479981D265} = {B0410B75-36D7-480E-81D3-5F4AFC266C0E}
		{99D2520C-EE1A-4904-A095-2EC7130B7B3F} = {B0410B75-36D7-480E-81D3-5F4AFC266C0E}
		{5D9FD833-A337-4512-997D-E07708915278} = {B0410B75-36D7-480E-81D3-5F4AFC266C0E}
		{EA9ECD2F-25CD-4993-871B-9919D310F50A} = {B0410B75-36D7-480E-81D3-5F4AFC266C0E}
		{983B0B0A-FCD0-4AE1-9147-556A66401C09} = {B0410B75-36D7-480E-81D3-5F4AFC266C0E}
		{E7766FC8-5716-44E2-B4D8-43CF9CEC6520} = {B0410B75-36D7-480E-81D3-5F4AFC266C0E}
		{CA32E1F6-5947-4E8D-B7BB-AD0F38DFFF26} = {B0410B75-36D7-480E-81D3-5F4AFC266C0E}
		{637FE84B-CA1D-407B-8B08-6770B967F0D4} = {B0410B75-36D7-480E-81D3-5F4AFC266C0E}
		{26B59BB1-F8D1-46DE-9513-25EA9763D7A3} = {B0410B75-36D7-480E-81D3-5F4AFC266C0E}
		{48E10950-054C-4240-8416-A7AF75D822AA} = {B0410B75-36D7-480E-81D3-5F4AFC266C0E}
	EndGlobalSection
	GlobalSection(ExtensibilityGlobals) = postSolution
		SolutionGuid = {C30C58D6-0637-4A2A-A42E-364C533B80B3}
	EndGlobalSection
EndGlobal
