
Microsoft Visual Studio Solution File, Format Version 12.00
# Visual Studio Version 16
VisualStudioVersion = 16.0.29215.179
MinimumVisualStudioVersion = 10.0.40219.1
Project("{9A19103F-16F7-4668-BE54-9A1E7A4F7556}") = "LimsServer", "LimsServer.csproj", "{242B3426-AC6A-4909-8033-8FAA6E890C5A}"
EndProject
Global
	GlobalSection(SolutionConfigurationPlatforms) = preSolution
		Debug|Any CPU = Debug|Any CPU
		Release|Any CPU = Release|Any CPU
	EndGlobalSection
	GlobalSection(ProjectConfigurationPlatforms) = postSolution
		{242B3426-AC6A-4909-8033-8FAA6E890C5A}.Debug|Any CPU.ActiveCfg = Debug|Any CPU
		{242B3426-AC6A-4909-8033-8FAA6E890C5A}.Debug|Any CPU.Build.0 = Debug|Any CPU
		{242B3426-AC6A-4909-8033-8FAA6E890C5A}.Release|Any CPU.ActiveCfg = Release|Any CPU
		{242B3426-AC6A-4909-8033-8FAA6E890C5A}.Release|Any CPU.Build.0 = Release|Any CPU
	EndGlobalSection
	GlobalSection(SolutionProperties) = preSolution
		HideSolutionNode = FALSE
	EndGlobalSection
	GlobalSection(ExtensibilityGlobals) = postSolution
		SolutionGuid = {1CA8F7FA-7FB4-49A5-BD6E-D48433D5F7CB}
	EndGlobalSection
EndGlobal
